PODS:
  - appsflyer_sdk (6.13.1):
    - AppsFlyerFramework (= 6.13.1)
    - Flutter
  - AppsFlyerFramework (6.13.1):
    - AppsFlyerFramework/Main (= 6.13.1)
  - AppsFlyerFramework/Main (6.13.1)
  - connectivity_plus (0.0.1):
    - Flutter
    - ReachabilitySwift
  - Flutter (1.0.0)
  - flutter_udid (0.0.1):
    - Flutter
    - SAMKeychain
  - geolocator_apple (1.2.0):
    - Flutter
  - ReachabilitySwift (5.0.0)
  - SAMKeychain (1.5.3)

DEPENDENCIES:
  - appsflyer_sdk (from `.symlinks/plugins/appsflyer_sdk/ios`)
  - connectivity_plus (from `.symlinks/plugins/connectivity_plus/ios`)
  - Flutter (from `Flutter`)
  - flutter_udid (from `.symlinks/plugins/flutter_udid/ios`)
  - geolocator_apple (from `.symlinks/plugins/geolocator_apple/ios`)

SPEC REPOS:
  trunk:
    - AppsFlyerFramework
    - ReachabilitySwift
    - SAMKeychain

EXTERNAL SOURCES:
  appsflyer_sdk:
    :path: ".symlinks/plugins/appsflyer_sdk/ios"
  connectivity_plus:
    :path: ".symlinks/plugins/connectivity_plus/ios"
  Flutter:
    :path: Flutter
  flutter_udid:
    :path: ".symlinks/plugins/flutter_udid/ios"
  geolocator_apple:
    :path: ".symlinks/plugins/geolocator_apple/ios"

SPEC CHECKSUMS:
  appsflyer_sdk: df2eb770c16a351ecb7b747ca1699494d3a4378f
  AppsFlyerFramework: 971521cf5b890c2afeab2f2c91734547b8b169ca
  connectivity_plus: bf0076dd84a130856aa636df1c71ccaff908fa1d
  Flutter: e0871f40cf51350855a761d2e70bf5af5b9b5de7
  flutter_udid: a2482c67a61b9c806ef59dd82ed8d007f1b7ac04
  geolocator_apple: 9157311f654584b9bb72686c55fc02a97b73f461
  ReachabilitySwift: 985039c6f7b23a1da463388634119492ff86c825
  SAMKeychain: 483e1c9f32984d50ca961e26818a534283b4cd5c

PODFILE CHECKSUM: 819463e6a0290f5a72f145ba7cde16e8b6ef0796

COCOAPODS: 1.15.2
